
Microsoft Visual Studio Solution File, Format Version 12.00
# Visual Studio Version 17
VisualStudioVersion = 17.0.31717.71
MinimumVisualStudioVersion = 10.0.40219.1
Project("{9A19103F-16F7-4668-BE54-9A1E7A4F7556}") = "Laba1", "Laba1\Laba1.csproj", "{D385EB6C-0DC3-428F-937A-0B77F57BB204}"
EndProject
Project("{9A19103F-16F7-4668-BE54-9A1E7A4F7556}") = "Lab1_Tests", "Lab1_Tests\Lab1_Tests.csproj", "{23A485AA-41E9-4A17-B27F-D45BDAD9195A}"
EndProject
Project("{9A19103F-16F7-4668-BE54-9A1E7A4F7556}") = "Laba2", "Laba2\Laba2.csproj", "{DC75FFE1-139A-4C98-B57E-AD1E1CEE43D5}"
EndProject
Project("{9A19103F-16F7-4668-BE54-9A1E7A4F7556}") = "Lab2_Tests", "Lab2_Tests\Lab2_Tests.csproj", "{083FE184-6F8D-4C05-A6CC-705A0767D8B4}"
EndProject
Project("{9A19103F-16F7-4668-BE54-9A1E7A4F7556}") = "Laba2Benchmark", "Laba2Benchmark\Laba2Benchmark.csproj", "{22A86BBC-56A5-4E36-9799-698173F42C85}"
EndProject
Project("{FAE04EC0-301F-11D3-BF4B-00C04F79EFBC}") = "Laba3", "Laba3\Laba3.csproj", "{D715902C-6449-4191-9B50-C113E585FCFF}"
EndProject
Project("{FAE04EC0-301F-11D3-BF4B-00C04F79EFBC}") = "Laba3Tests", "Laba3Tests\Laba3Tests.csproj", "{610C1485-98A7-4740-8362-F179D9EDF7DB}"
EndProject
Global
	GlobalSection(SolutionConfigurationPlatforms) = preSolution
		Debug|Any CPU = Debug|Any CPU
		Release|Any CPU = Release|Any CPU
	EndGlobalSection
	GlobalSection(ProjectConfigurationPlatforms) = postSolution
		{D385EB6C-0DC3-428F-937A-0B77F57BB204}.Debug|Any CPU.ActiveCfg = Debug|Any CPU
		{D385EB6C-0DC3-428F-937A-0B77F57BB204}.Debug|Any CPU.Build.0 = Debug|Any CPU
		{D385EB6C-0DC3-428F-937A-0B77F57BB204}.Release|Any CPU.ActiveCfg = Release|Any CPU
		{D385EB6C-0DC3-428F-937A-0B77F57BB204}.Release|Any CPU.Build.0 = Release|Any CPU
		{23A485AA-41E9-4A17-B27F-D45BDAD9195A}.Debug|Any CPU.ActiveCfg = Debug|Any CPU
		{23A485AA-41E9-4A17-B27F-D45BDAD9195A}.Debug|Any CPU.Build.0 = Debug|Any CPU
		{23A485AA-41E9-4A17-B27F-D45BDAD9195A}.Release|Any CPU.ActiveCfg = Release|Any CPU
		{23A485AA-41E9-4A17-B27F-D45BDAD9195A}.Release|Any CPU.Build.0 = Release|Any CPU
		{DC75FFE1-139A-4C98-B57E-AD1E1CEE43D5}.Debug|Any CPU.ActiveCfg = Debug|Any CPU
		{DC75FFE1-139A-4C98-B57E-AD1E1CEE43D5}.Debug|Any CPU.Build.0 = Debug|Any CPU
		{DC75FFE1-139A-4C98-B57E-AD1E1CEE43D5}.Release|Any CPU.ActiveCfg = Release|Any CPU
		{DC75FFE1-139A-4C98-B57E-AD1E1CEE43D5}.Release|Any CPU.Build.0 = Release|Any CPU
		{083FE184-6F8D-4C05-A6CC-705A0767D8B4}.Debug|Any CPU.ActiveCfg = Debug|Any CPU
		{083FE184-6F8D-4C05-A6CC-705A0767D8B4}.Debug|Any CPU.Build.0 = Debug|Any CPU
		{083FE184-6F8D-4C05-A6CC-705A0767D8B4}.Release|Any CPU.ActiveCfg = Release|Any CPU
		{083FE184-6F8D-4C05-A6CC-705A0767D8B4}.Release|Any CPU.Build.0 = Release|Any CPU
		{22A86BBC-56A5-4E36-9799-698173F42C85}.Debug|Any CPU.ActiveCfg = Debug|Any CPU
		{22A86BBC-56A5-4E36-9799-698173F42C85}.Debug|Any CPU.Build.0 = Debug|Any CPU
		{22A86BBC-56A5-4E36-9799-698173F42C85}.Release|Any CPU.ActiveCfg = Release|Any CPU
		{22A86BBC-56A5-4E36-9799-698173F42C85}.Release|Any CPU.Build.0 = Release|Any CPU
		{D715902C-6449-4191-9B50-C113E585FCFF}.Debug|Any CPU.ActiveCfg = Debug|Any CPU
		{D715902C-6449-4191-9B50-C113E585FCFF}.Debug|Any CPU.Build.0 = Debug|Any CPU
		{D715902C-6449-4191-9B50-C113E585FCFF}.Release|Any CPU.ActiveCfg = Release|Any CPU
		{D715902C-6449-4191-9B50-C113E585FCFF}.Release|Any CPU.Build.0 = Release|Any CPU
		{610C1485-98A7-4740-8362-F179D9EDF7DB}.Debug|Any CPU.ActiveCfg = Debug|Any CPU
		{610C1485-98A7-4740-8362-F179D9EDF7DB}.Debug|Any CPU.Build.0 = Debug|Any CPU
		{610C1485-98A7-4740-8362-F179D9EDF7DB}.Release|Any CPU.ActiveCfg = Release|Any CPU
		{610C1485-98A7-4740-8362-F179D9EDF7DB}.Release|Any CPU.Build.0 = Release|Any CPU
	EndGlobalSection
	GlobalSection(SolutionProperties) = preSolution
		HideSolutionNode = FALSE
	EndGlobalSection
	GlobalSection(ExtensibilityGlobals) = postSolution
		SolutionGuid = {1AA811E9-6A43-4548-9A4E-45113AFF8DE6}
	EndGlobalSection
EndGlobal
