
Microsoft Visual Studio Solution File, Format Version 12.00
# Visual Studio Version 17
VisualStudioVersion = 17.0.31717.71
MinimumVisualStudioVersion = 10.0.40219.1
Project("{9A19103F-16F7-4668-BE54-9A1E7A4F7556}") = "Laba1", "Laba1\Laba1.csproj", "{D385EB6C-0DC3-428F-937A-0B77F57BB204}"
EndProject
Project("{9A19103F-16F7-4668-BE54-9A1E7A4F7556}") = "Lab1_Tests", "Lab1_Tests\Lab1_Tests.csproj", "{23A485AA-41E9-4A17-B27F-D45BDAD9195A}"
EndProject
Project("{9A19103F-16F7-4668-BE54-9A1E7A4F7556}") = "Laba2", "Laba2\Laba2.csproj", "{DC75FFE1-139A-4C98-B57E-AD1E1CEE43D5}"
EndProject
Project("{9A19103F-16F7-4668-BE54-9A1E7A4F7556}") = "Lab2_Tests", "Lab2_Tests\Lab2_Tests.csproj", "{083FE184-6F8D-4C05-A6CC-705A0767D8B4}"
EndProject
Project("{9A19103F-16F7-4668-BE54-9A1E7A4F7556}") = "Laba2Benchmark", "Laba2Benchmark\Laba2Benchmark.csproj", "{22A86BBC-56A5-4E36-9799-698173F42C85}"
EndProject
Project("{9A19103F-16F7-4668-BE54-9A1E7A4F7556}") = "Laba3", "Laba3\Laba3.csproj", "{D715902C-6449-4191-9B50-C113E585FCFF}"
EndProject
Project("{9A19103F-16F7-4668-BE54-9A1E7A4F7556}") = "Laba3Tests", "Laba3Tests\Laba3Tests.csproj", "{610C1485-98A7-4740-8362-F179D9EDF7DB}"
EndProject
Project("{9A19103F-16F7-4668-BE54-9A1E7A4F7556}") = "Laba3Demo", "Laba3Demo\Laba3Demo.csproj", "{59B4B432-AA2A-46E6-B3FF-36DEAC029D92}"
EndProject
Project("{9A19103F-16F7-4668-BE54-9A1E7A4F7556}") = "Laba4", "Laba4\Laba4.csproj", "{D95BD476-501C-4165-8668-E7DC9B302331}"
EndProject
Project("{9A19103F-16F7-4668-BE54-9A1E7A4F7556}") = "Laba4Tests", "Laba4Tests\Laba4Tests.csproj", "{DC25DB97-93D2-4D1A-8086-0A73151F3D03}"
EndProject
Project("{FAE04EC0-301F-11D3-BF4B-00C04F79EFBC}") = "Laba4Demo", "Laba4Demo\Laba4Demo.csproj", "{2A302BFF-F222-4AE0-A8A3-D94DFFA30D75}"
EndProject
Project("{FAE04EC0-301F-11D3-BF4B-00C04F79EFBC}") = "Laba5", "Laba5\Laba5.csproj", "{5F10005C-2116-42A3-9963-F8B4E135D1D3}"
EndProject
Project("{FAE04EC0-301F-11D3-BF4B-00C04F79EFBC}") = "Laba5Tests", "Laba5Tests\Laba5Tests.csproj", "{15A65F71-5F85-42D6-9735-339A16087A40}"
EndProject
Project("{FAE04EC0-301F-11D3-BF4B-00C04F79EFBC}") = "Laba5Demo", "Laba5Demo\Laba5Demo.csproj", "{6598BE2A-6D1E-40EC-BAA3-187D49872F0B}"
EndProject
Project("{FAE04EC0-301F-11D3-BF4B-00C04F79EFBC}") = "Lab6", "Lab6\Lab6.csproj", "{A119A94B-FF95-431E-97E4-23519F0B1321}"
EndProject
Project("{FAE04EC0-301F-11D3-BF4B-00C04F79EFBC}") = "Lab6Tests", "Lab6Tests\Lab6Tests.csproj", "{3AB18167-908A-412A-8ADF-27E18763EB53}"
EndProject
Project("{FAE04EC0-301F-11D3-BF4B-00C04F79EFBC}") = "Lab6Demo", "Lab6Demo\Lab6Demo.csproj", "{7151B7A0-34CC-482F-A648-490DC813A7FC}"
EndProject
Global
	GlobalSection(SolutionConfigurationPlatforms) = preSolution
		Debug|Any CPU = Debug|Any CPU
		Release|Any CPU = Release|Any CPU
	EndGlobalSection
	GlobalSection(ProjectConfigurationPlatforms) = postSolution
		{D385EB6C-0DC3-428F-937A-0B77F57BB204}.Debug|Any CPU.ActiveCfg = Debug|Any CPU
		{D385EB6C-0DC3-428F-937A-0B77F57BB204}.Debug|Any CPU.Build.0 = Debug|Any CPU
		{D385EB6C-0DC3-428F-937A-0B77F57BB204}.Release|Any CPU.ActiveCfg = Release|Any CPU
		{D385EB6C-0DC3-428F-937A-0B77F57BB204}.Release|Any CPU.Build.0 = Release|Any CPU
		{23A485AA-41E9-4A17-B27F-D45BDAD9195A}.Debug|Any CPU.ActiveCfg = Debug|Any CPU
		{23A485AA-41E9-4A17-B27F-D45BDAD9195A}.Debug|Any CPU.Build.0 = Debug|Any CPU
		{23A485AA-41E9-4A17-B27F-D45BDAD9195A}.Release|Any CPU.ActiveCfg = Release|Any CPU
		{23A485AA-41E9-4A17-B27F-D45BDAD9195A}.Release|Any CPU.Build.0 = Release|Any CPU
		{DC75FFE1-139A-4C98-B57E-AD1E1CEE43D5}.Debug|Any CPU.ActiveCfg = Debug|Any CPU
		{DC75FFE1-139A-4C98-B57E-AD1E1CEE43D5}.Debug|Any CPU.Build.0 = Debug|Any CPU
		{DC75FFE1-139A-4C98-B57E-AD1E1CEE43D5}.Release|Any CPU.ActiveCfg = Release|Any CPU
		{DC75FFE1-139A-4C98-B57E-AD1E1CEE43D5}.Release|Any CPU.Build.0 = Release|Any CPU
		{083FE184-6F8D-4C05-A6CC-705A0767D8B4}.Debug|Any CPU.ActiveCfg = Debug|Any CPU
		{083FE184-6F8D-4C05-A6CC-705A0767D8B4}.Debug|Any CPU.Build.0 = Debug|Any CPU
		{083FE184-6F8D-4C05-A6CC-705A0767D8B4}.Release|Any CPU.ActiveCfg = Release|Any CPU
		{083FE184-6F8D-4C05-A6CC-705A0767D8B4}.Release|Any CPU.Build.0 = Release|Any CPU
		{22A86BBC-56A5-4E36-9799-698173F42C85}.Debug|Any CPU.ActiveCfg = Debug|Any CPU
		{22A86BBC-56A5-4E36-9799-698173F42C85}.Debug|Any CPU.Build.0 = Debug|Any CPU
		{22A86BBC-56A5-4E36-9799-698173F42C85}.Release|Any CPU.ActiveCfg = Release|Any CPU
		{22A86BBC-56A5-4E36-9799-698173F42C85}.Release|Any CPU.Build.0 = Release|Any CPU
		{D715902C-6449-4191-9B50-C113E585FCFF}.Debug|Any CPU.ActiveCfg = Debug|Any CPU
		{D715902C-6449-4191-9B50-C113E585FCFF}.Debug|Any CPU.Build.0 = Debug|Any CPU
		{D715902C-6449-4191-9B50-C113E585FCFF}.Release|Any CPU.ActiveCfg = Release|Any CPU
		{D715902C-6449-4191-9B50-C113E585FCFF}.Release|Any CPU.Build.0 = Release|Any CPU
		{610C1485-98A7-4740-8362-F179D9EDF7DB}.Debug|Any CPU.ActiveCfg = Debug|Any CPU
		{610C1485-98A7-4740-8362-F179D9EDF7DB}.Debug|Any CPU.Build.0 = Debug|Any CPU
		{610C1485-98A7-4740-8362-F179D9EDF7DB}.Release|Any CPU.ActiveCfg = Release|Any CPU
		{610C1485-98A7-4740-8362-F179D9EDF7DB}.Release|Any CPU.Build.0 = Release|Any CPU
		{59B4B432-AA2A-46E6-B3FF-36DEAC029D92}.Debug|Any CPU.ActiveCfg = Debug|Any CPU
		{59B4B432-AA2A-46E6-B3FF-36DEAC029D92}.Debug|Any CPU.Build.0 = Debug|Any CPU
		{59B4B432-AA2A-46E6-B3FF-36DEAC029D92}.Release|Any CPU.ActiveCfg = Release|Any CPU
		{59B4B432-AA2A-46E6-B3FF-36DEAC029D92}.Release|Any CPU.Build.0 = Release|Any CPU
		{D95BD476-501C-4165-8668-E7DC9B302331}.Debug|Any CPU.ActiveCfg = Debug|Any CPU
		{D95BD476-501C-4165-8668-E7DC9B302331}.Debug|Any CPU.Build.0 = Debug|Any CPU
		{D95BD476-501C-4165-8668-E7DC9B302331}.Release|Any CPU.ActiveCfg = Release|Any CPU
		{D95BD476-501C-4165-8668-E7DC9B302331}.Release|Any CPU.Build.0 = Release|Any CPU
		{DC25DB97-93D2-4D1A-8086-0A73151F3D03}.Debug|Any CPU.ActiveCfg = Debug|Any CPU
		{DC25DB97-93D2-4D1A-8086-0A73151F3D03}.Debug|Any CPU.Build.0 = Debug|Any CPU
		{DC25DB97-93D2-4D1A-8086-0A73151F3D03}.Release|Any CPU.ActiveCfg = Release|Any CPU
		{DC25DB97-93D2-4D1A-8086-0A73151F3D03}.Release|Any CPU.Build.0 = Release|Any CPU
		{2A302BFF-F222-4AE0-A8A3-D94DFFA30D75}.Debug|Any CPU.ActiveCfg = Debug|Any CPU
		{2A302BFF-F222-4AE0-A8A3-D94DFFA30D75}.Debug|Any CPU.Build.0 = Debug|Any CPU
		{2A302BFF-F222-4AE0-A8A3-D94DFFA30D75}.Release|Any CPU.ActiveCfg = Release|Any CPU
		{2A302BFF-F222-4AE0-A8A3-D94DFFA30D75}.Release|Any CPU.Build.0 = Release|Any CPU
		{5F10005C-2116-42A3-9963-F8B4E135D1D3}.Debug|Any CPU.ActiveCfg = Debug|Any CPU
		{5F10005C-2116-42A3-9963-F8B4E135D1D3}.Debug|Any CPU.Build.0 = Debug|Any CPU
		{5F10005C-2116-42A3-9963-F8B4E135D1D3}.Release|Any CPU.ActiveCfg = Release|Any CPU
		{5F10005C-2116-42A3-9963-F8B4E135D1D3}.Release|Any CPU.Build.0 = Release|Any CPU
		{15A65F71-5F85-42D6-9735-339A16087A40}.Debug|Any CPU.ActiveCfg = Debug|Any CPU
		{15A65F71-5F85-42D6-9735-339A16087A40}.Debug|Any CPU.Build.0 = Debug|Any CPU
		{15A65F71-5F85-42D6-9735-339A16087A40}.Release|Any CPU.ActiveCfg = Release|Any CPU
		{15A65F71-5F85-42D6-9735-339A16087A40}.Release|Any CPU.Build.0 = Release|Any CPU
		{6598BE2A-6D1E-40EC-BAA3-187D49872F0B}.Debug|Any CPU.ActiveCfg = Debug|Any CPU
		{6598BE2A-6D1E-40EC-BAA3-187D49872F0B}.Debug|Any CPU.Build.0 = Debug|Any CPU
		{6598BE2A-6D1E-40EC-BAA3-187D49872F0B}.Release|Any CPU.ActiveCfg = Release|Any CPU
		{6598BE2A-6D1E-40EC-BAA3-187D49872F0B}.Release|Any CPU.Build.0 = Release|Any CPU
		{A119A94B-FF95-431E-97E4-23519F0B1321}.Debug|Any CPU.ActiveCfg = Debug|Any CPU
		{A119A94B-FF95-431E-97E4-23519F0B1321}.Debug|Any CPU.Build.0 = Debug|Any CPU
		{A119A94B-FF95-431E-97E4-23519F0B1321}.Release|Any CPU.ActiveCfg = Release|Any CPU
		{A119A94B-FF95-431E-97E4-23519F0B1321}.Release|Any CPU.Build.0 = Release|Any CPU
		{3AB18167-908A-412A-8ADF-27E18763EB53}.Debug|Any CPU.ActiveCfg = Debug|Any CPU
		{3AB18167-908A-412A-8ADF-27E18763EB53}.Debug|Any CPU.Build.0 = Debug|Any CPU
		{3AB18167-908A-412A-8ADF-27E18763EB53}.Release|Any CPU.ActiveCfg = Release|Any CPU
		{3AB18167-908A-412A-8ADF-27E18763EB53}.Release|Any CPU.Build.0 = Release|Any CPU
		{7151B7A0-34CC-482F-A648-490DC813A7FC}.Debug|Any CPU.ActiveCfg = Debug|Any CPU
		{7151B7A0-34CC-482F-A648-490DC813A7FC}.Debug|Any CPU.Build.0 = Debug|Any CPU
		{7151B7A0-34CC-482F-A648-490DC813A7FC}.Release|Any CPU.ActiveCfg = Release|Any CPU
		{7151B7A0-34CC-482F-A648-490DC813A7FC}.Release|Any CPU.Build.0 = Release|Any CPU
	EndGlobalSection
	GlobalSection(SolutionProperties) = preSolution
		HideSolutionNode = FALSE
	EndGlobalSection
	GlobalSection(ExtensibilityGlobals) = postSolution
		SolutionGuid = {1AA811E9-6A43-4548-9A4E-45113AFF8DE6}
	EndGlobalSection
EndGlobal
